{
  "R": {
    "Version": "4.3.2",
    "Repositories": [
      {
        "Name": "CRAN",
        "URL": "https://packagemanager.posit.co/cran/latest"
      }
    ]
  },
  "Packages": {
    "DBI": {
      "Package": "DBI",
      "Version": "1.2.3",
      "Source": "Repository",
      "Repository": "CRAN",
      "Requirements": [
        "R",
        "methods"
      ],
      "Hash": "065ae649b05f1ff66bb0c793107508f5"
    },
    "R6": {
      "Package": "R6",
      "Version": "2.5.1",
      "Source": "Repository",
      "Repository": "RSPM",
      "Requirements": [
        "R"
      ],
      "Hash": "470851b6d5d0ac559e9d01bb352b4021"
    },
    "RJSONIO": {
      "Package": "RJSONIO",
      "Version": "1.3-1.9",
      "Source": "Repository",
      "Repository": "CRAN",
      "Requirements": [
        "methods"
      ],
      "Hash": "2f89abc0f88c647d3386c672632f4baf"
    },
    "RPostgres": {
      "Package": "RPostgres",
      "Version": "1.4.8",
      "Source": "Repository",
      "Repository": "CRAN",
      "Requirements": [
        "DBI",
        "R",
        "bit64",
        "blob",
        "cpp11",
        "hms",
        "lubridate",
        "methods",
        "plogr",
        "withr"
      ],
      "Hash": "c74e7e71feadc6b7c5de999483f330cd"
    },
    "Rcpp": {
      "Package": "Rcpp",
      "Version": "1.0.12",
      "Source": "Repository",
      "Repository": "RSPM",
      "Requirements": [
        "methods",
        "utils"
      ],
      "Hash": "5ea2700d21e038ace58269ecdbeb9ec0"
    },
    "UMARaccessR": {
      "Package": "UMARaccessR",
      "Version": "1.0.0",
      "Source": "GitHub",
      "RemoteType": "github",
      "RemoteHost": "api.github.com",
      "RemoteUsername": "majazaloznik",
      "RemoteRepo": "UMARaccessR",
      "RemoteRef": "main",
      "RemoteSha": "0166634c8477fe342a610a40b98fc9f9fec1ad23",
      "Requirements": [
        "DBI",
        "UMARimportR",
        "dplyr",
        "lubridate",
        "magrittr",
        "openxlsx",
        "purrr",
        "rlang"
      ],
      "Hash": "22488b7491194f0d609eb655a2831df2"
    },
    "UMARimportR": {
      "Package": "UMARimportR",
      "Version": "0.1.0",
      "Source": "GitHub",
      "RemoteType": "github",
      "RemoteHost": "api.github.com",
      "RemoteUsername": "majazaloznik",
      "RemoteRepo": "UMARimportR",
      "RemoteRef": "main",
      "RemoteSha": "f7bab97d78f06b805c0f213f75ee1a13f4ad5660",
      "Requirements": [
        "DBI",
        "RPostgres",
        "dplyr",
        "purrr"
      ],
      "Hash": "1f4e15ed6f9a1c270cb09199fe5b4ef7"
    },
    "askpass": {
      "Package": "askpass",
      "Version": "1.2.0",
      "Source": "Repository",
      "Repository": "RSPM",
      "Requirements": [
        "sys"
      ],
      "Hash": "cad6cf7f1d5f6e906700b9d3e718c796"
    },
    "backports": {
      "Package": "backports",
      "Version": "1.5.0",
      "Source": "Repository",
      "Repository": "CRAN",
      "Requirements": [
        "R"
      ],
      "Hash": "e1e1b9d75c37401117b636b7ae50827a"
    },
    "base64enc": {
      "Package": "base64enc",
      "Version": "0.1-3",
      "Source": "Repository",
      "Repository": "CRAN",
      "Requirements": [
        "R"
      ],
      "Hash": "543776ae6848fde2f48ff3816d0628bc"
    },
    "bit": {
      "Package": "bit",
      "Version": "4.0.5",
      "Source": "Repository",
      "Repository": "RSPM",
      "Requirements": [
        "R"
      ],
      "Hash": "d242abec29412ce988848d0294b208fd"
    },
    "bit64": {
      "Package": "bit64",
      "Version": "4.6.0-1",
      "Source": "Repository",
      "Repository": "CRAN",
      "Requirements": [
        "R",
        "bit",
        "graphics",
        "methods",
        "stats",
        "utils"
      ],
      "Hash": "4f572fbc586294afff277db583b9060f"
    },
    "blob": {
      "Package": "blob",
      "Version": "1.2.4",
      "Source": "Repository",
      "Repository": "CRAN",
      "Requirements": [
        "methods",
        "rlang",
        "vctrs"
      ],
      "Hash": "40415719b5a479b87949f3aa0aee737c"
    },
    "brew": {
      "Package": "brew",
      "Version": "1.0-10",
      "Source": "Repository",
      "Repository": "CRAN",
      "Hash": "8f4a384e19dccd8c65356dc096847b76"
    },
    "brio": {
      "Package": "brio",
      "Version": "1.1.5",
      "Source": "Repository",
      "Repository": "CRAN",
      "Requirements": [
        "R"
      ],
      "Hash": "c1ee497a6d999947c2c224ae46799b1a"
    },
    "bslib": {
      "Package": "bslib",
      "Version": "0.9.0",
      "Source": "Repository",
      "Repository": "CRAN",
      "Requirements": [
        "R",
        "base64enc",
        "cachem",
        "fastmap",
        "grDevices",
        "htmltools",
        "jquerylib",
        "jsonlite",
        "lifecycle",
        "memoise",
        "mime",
        "rlang",
        "sass"
      ],
      "Hash": "70a6489cc254171fb9b4a7f130f44dca"
    },
    "cachem": {
      "Package": "cachem",
      "Version": "1.1.0",
      "Source": "Repository",
      "Repository": "CRAN",
      "Requirements": [
        "fastmap",
        "rlang"
      ],
      "Hash": "cd9a672193789068eb5a2aad65a0dedf"
    },
    "callr": {
      "Package": "callr",
      "Version": "3.7.6",
      "Source": "Repository",
      "Repository": "CRAN",
      "Requirements": [
        "R",
        "R6",
        "processx",
        "utils"
      ],
      "Hash": "d7e13f49c19103ece9e58ad2d83a7354"
    },
    "checkmate": {
      "Package": "checkmate",
      "Version": "2.3.2",
      "Source": "Repository",
      "Repository": "CRAN",
      "Requirements": [
        "R",
        "backports",
        "utils"
      ],
      "Hash": "0e14e01ce07e7c88fd25de6d4260d26b"
    },
    "cli": {
      "Package": "cli",
      "Version": "3.6.3",
      "Source": "Repository",
      "Repository": "RSPM",
      "Requirements": [
        "R",
        "utils"
      ],
      "Hash": "b21916dd77a27642b447374a5d30ecf3"
    },
    "clipr": {
      "Package": "clipr",
      "Version": "0.8.0",
      "Source": "Repository",
      "Repository": "CRAN",
      "Requirements": [
        "utils"
      ],
      "Hash": "3f038e5ac7f41d4ac41ce658c85e3042"
    },
    "commonmark": {
      "Package": "commonmark",
      "Version": "1.9.5",
      "Source": "Repository",
      "Repository": "CRAN",
      "Hash": "4ac08754c8ed35996b7c343fbb22885a"
    },
    "cpp11": {
      "Package": "cpp11",
      "Version": "0.4.7",
      "Source": "Repository",
      "Repository": "RSPM",
      "Requirements": [
        "R"
      ],
      "Hash": "5a295d7d963cc5035284dcdbaf334f4e"
    },
    "crayon": {
      "Package": "crayon",
      "Version": "1.5.3",
      "Source": "Repository",
      "Repository": "CRAN",
      "Requirements": [
        "grDevices",
        "methods",
        "utils"
      ],
      "Hash": "859d96e65ef198fd43e82b9628d593ef"
    },
    "credentials": {
      "Package": "credentials",
      "Version": "2.0.2",
      "Source": "Repository",
      "Repository": "CRAN",
      "Requirements": [
        "askpass",
        "curl",
        "jsonlite",
        "openssl",
        "sys"
      ],
      "Hash": "09fd631e607a236f8cc7f9604db32cb8"
    },
    "curl": {
      "Package": "curl",
      "Version": "6.2.2",
      "Source": "Repository",
      "Repository": "CRAN",
      "Requirements": [
        "R"
      ],
      "Hash": "e4f9e10b18f453a1b7eaf38247dad4fe"
    },
    "data.tree": {
      "Package": "data.tree",
      "Version": "1.1.0",
      "Source": "Repository",
      "Repository": "CRAN",
      "Requirements": [
        "R",
        "R6",
        "methods",
        "stringi"
      ],
      "Hash": "d7602f0f55e0335b83f2353337848d6f"
    },
    "dbplyr": {
      "Package": "dbplyr",
      "Version": "2.5.0",
      "Source": "Repository",
      "Repository": "CRAN",
      "Requirements": [
        "DBI",
        "R",
        "R6",
        "blob",
        "cli",
        "dplyr",
        "glue",
        "lifecycle",
        "magrittr",
        "methods",
        "pillar",
        "purrr",
        "rlang",
        "tibble",
        "tidyr",
        "tidyselect",
        "utils",
        "vctrs",
        "withr"
      ],
      "Hash": "39b2e002522bfd258039ee4e889e0fd1"
    },
    "desc": {
      "Package": "desc",
      "Version": "1.4.3",
      "Source": "Repository",
      "Repository": "CRAN",
      "Requirements": [
        "R",
        "R6",
        "cli",
        "utils"
      ],
      "Hash": "99b79fcbd6c4d1ce087f5c5c758b384f"
    },
    "devtools": {
      "Package": "devtools",
      "Version": "2.4.5",
      "Source": "Repository",
      "Repository": "CRAN",
      "Requirements": [
        "R",
        "cli",
        "desc",
        "ellipsis",
        "fs",
        "lifecycle",
        "memoise",
        "miniUI",
        "pkgbuild",
        "pkgdown",
        "pkgload",
        "profvis",
        "rcmdcheck",
        "remotes",
        "rlang",
        "roxygen2",
        "rversions",
        "sessioninfo",
        "stats",
        "testthat",
        "tools",
        "urlchecker",
        "usethis",
        "utils",
        "withr"
      ],
      "Hash": "ea5bc8b4a6a01e4f12d98b58329930bb"
    },
    "diffobj": {
      "Package": "diffobj",
      "Version": "0.3.5",
      "Source": "Repository",
      "Repository": "CRAN",
      "Requirements": [
        "R",
        "crayon",
        "methods",
        "stats",
        "tools",
        "utils"
      ],
      "Hash": "bcaa8b95f8d7d01a5dedfd959ce88ab8"
    },
    "digest": {
      "Package": "digest",
      "Version": "0.6.37",
      "Source": "Repository",
      "Repository": "CRAN",
      "Requirements": [
        "R",
        "utils"
      ],
      "Hash": "33698c4b3127fc9f506654607fb73676"
    },
    "dittodb": {
      "Package": "dittodb",
      "Version": "0.1.8",
      "Source": "Repository",
      "Repository": "CRAN",
      "Requirements": [
        "DBI",
        "R",
        "digest",
        "glue",
        "lifecycle",
        "methods",
        "rlang",
        "utils"
      ],
      "Hash": "af6d03c46af4ef02df9f70298d571f1d"
    },
    "downlit": {
      "Package": "downlit",
      "Version": "0.4.4",
      "Source": "Repository",
      "Repository": "CRAN",
      "Requirements": [
        "R",
        "brio",
        "desc",
        "digest",
        "evaluate",
        "fansi",
        "memoise",
        "rlang",
        "vctrs",
        "withr",
        "yaml"
      ],
      "Hash": "45a6a596bf0108ee1ff16a040a2df897"
    },
    "dplyr": {
      "Package": "dplyr",
      "Version": "1.1.4",
      "Source": "Repository",
      "Repository": "CRAN",
      "Requirements": [
        "R",
        "R6",
        "cli",
        "generics",
        "glue",
        "lifecycle",
        "magrittr",
        "methods",
        "pillar",
        "rlang",
        "tibble",
        "tidyselect",
        "utils",
        "vctrs"
      ],
      "Hash": "fedd9d00c2944ff00a0e2696ccf048ec"
    },
    "ellipsis": {
      "Package": "ellipsis",
      "Version": "0.3.2",
      "Source": "Repository",
      "Repository": "CRAN",
      "Requirements": [
        "R",
        "rlang"
      ],
      "Hash": "bb0eec2fe32e88d9e2836c2f73ea2077"
    },
    "envDocument": {
      "Package": "envDocument",
      "Version": "2.4.1",
      "Source": "Repository",
      "Repository": "CRAN",
      "Requirements": [
        "methods",
        "utils"
      ],
      "Hash": "4232904ae59fe3c416223191401cb5db"
    },
    "evaluate": {
      "Package": "evaluate",
      "Version": "1.0.3",
      "Source": "Repository",
      "Repository": "CRAN",
      "Requirements": [
        "R"
      ],
      "Hash": "e9651417729bbe7472e32b5027370e79"
    },
    "fansi": {
      "Package": "fansi",
      "Version": "1.0.6",
      "Source": "Repository",
      "Repository": "CRAN",
      "Requirements": [
        "R",
        "grDevices",
        "utils"
      ],
      "Hash": "962174cf2aeb5b9eea581522286a911f"
    },
    "fastmap": {
      "Package": "fastmap",
      "Version": "1.2.0",
      "Source": "Repository",
      "Repository": "CRAN",
      "Hash": "aa5e1cd11c2d15497494c5292d7ffcc8"
    },
    "fontawesome": {
      "Package": "fontawesome",
      "Version": "0.5.3",
      "Source": "Repository",
      "Repository": "CRAN",
      "Requirements": [
        "R",
        "htmltools",
        "rlang"
      ],
      "Hash": "bd1297f9b5b1fc1372d19e2c4cd82215"
    },
    "fs": {
      "Package": "fs",
      "Version": "1.6.4",
      "Source": "Repository",
      "Repository": "RSPM",
      "Requirements": [
        "R",
        "methods"
      ],
      "Hash": "15aeb8c27f5ea5161f9f6a641fafd93a"
    },
    "gargle": {
      "Package": "gargle",
      "Version": "1.5.2",
      "Source": "Repository",
      "Repository": "CRAN",
      "Requirements": [
        "R",
        "cli",
        "fs",
        "glue",
        "httr",
        "jsonlite",
        "lifecycle",
        "openssl",
        "rappdirs",
        "rlang",
        "stats",
        "utils",
        "withr"
      ],
      "Hash": "fc0b272e5847c58cd5da9b20eedbd026"
    },
    "generics": {
      "Package": "generics",
      "Version": "0.1.3",
      "Source": "Repository",
      "Repository": "CRAN",
      "Requirements": [
        "R",
        "methods"
      ],
      "Hash": "15e9634c0fcd294799e9b2e929ed1b86"
    },
    "gert": {
      "Package": "gert",
      "Version": "2.1.4",
      "Source": "Repository",
      "Repository": "CRAN",
      "Requirements": [
        "askpass",
        "credentials",
        "openssl",
        "rstudioapi",
        "sys",
        "zip"
      ],
      "Hash": "ae855ad6d7be20dd7b05d43d25700398"
    },
    "gh": {
      "Package": "gh",
      "Version": "1.4.1",
      "Source": "Repository",
      "Repository": "CRAN",
      "Requirements": [
        "R",
        "cli",
        "gitcreds",
        "glue",
        "httr2",
        "ini",
        "jsonlite",
        "lifecycle",
        "rlang"
      ],
      "Hash": "fbbbc48eba7a6626a08bb365e44b563b"
    },
    "gitcreds": {
      "Package": "gitcreds",
      "Version": "0.1.2",
      "Source": "Repository",
      "Repository": "CRAN",
      "Requirements": [
        "R"
      ],
      "Hash": "ab08ac61f3e1be454ae21911eb8bc2fe"
    },
    "glue": {
      "Package": "glue",
      "Version": "1.7.0",
      "Source": "Repository",
      "Repository": "RSPM",
      "Requirements": [
        "R",
        "methods"
      ],
      "Hash": "e0b3a53876554bd45879e596cdb10a52"
    },
    "gmailr": {
      "Package": "gmailr",
      "Version": "2.0.0",
      "Source": "Repository",
      "Repository": "CRAN",
      "Requirements": [
        "R",
        "base64enc",
        "cli",
        "crayon",
        "gargle",
        "glue",
        "httr",
        "jsonlite",
        "lifecycle",
        "mime",
        "rappdirs",
        "rematch2",
        "rlang"
      ],
      "Hash": "3c643bd9639dbbda700d2593644c053b"
    },
    "here": {
      "Package": "here",
      "Version": "1.0.1",
      "Source": "Repository",
      "Repository": "CRAN",
      "Requirements": [
        "rprojroot"
      ],
      "Hash": "24b224366f9c2e7534d2344d10d59211"
    },
    "highr": {
      "Package": "highr",
      "Version": "0.11",
      "Source": "Repository",
      "Repository": "CRAN",
      "Requirements": [
        "R",
        "xfun"
      ],
      "Hash": "d65ba49117ca223614f71b60d85b8ab7"
    },
    "hms": {
      "Package": "hms",
      "Version": "1.1.3",
      "Source": "Repository",
      "Repository": "CRAN",
      "Requirements": [
        "lifecycle",
        "methods",
        "pkgconfig",
        "rlang",
        "vctrs"
      ],
      "Hash": "b59377caa7ed00fa41808342002138f9"
    },
    "htmltools": {
      "Package": "htmltools",
      "Version": "0.5.8.1",
      "Source": "Repository",
      "Repository": "CRAN",
      "Requirements": [
        "R",
        "base64enc",
        "digest",
        "fastmap",
        "grDevices",
        "rlang",
        "utils"
      ],
      "Hash": "81d371a9cc60640e74e4ab6ac46dcedc"
    },
    "htmlwidgets": {
      "Package": "htmlwidgets",
      "Version": "1.6.4",
      "Source": "Repository",
      "Repository": "CRAN",
      "Requirements": [
        "grDevices",
        "htmltools",
        "jsonlite",
        "knitr",
        "rmarkdown",
        "yaml"
      ],
      "Hash": "04291cc45198225444a397606810ac37"
    },
    "httpuv": {
      "Package": "httpuv",
      "Version": "1.6.15",
      "Source": "Repository",
      "Repository": "CRAN",
      "Requirements": [
        "R",
        "R6",
        "Rcpp",
        "later",
        "promises",
        "utils"
      ],
      "Hash": "d55aa087c47a63ead0f6fc10f8fa1ee0"
    },
    "httr": {
      "Package": "httr",
      "Version": "1.4.7",
      "Source": "Repository",
      "Repository": "CRAN",
      "Requirements": [
        "R",
        "R6",
        "curl",
        "jsonlite",
        "mime",
        "openssl"
      ],
      "Hash": "ac107251d9d9fd72f0ca8049988f1d7f"
    },
    "httr2": {
      "Package": "httr2",
      "Version": "1.1.1",
      "Source": "Repository",
      "Repository": "CRAN",
      "Requirements": [
        "R",
        "R6",
        "cli",
        "curl",
        "glue",
        "lifecycle",
        "magrittr",
        "openssl",
        "rappdirs",
        "rlang",
        "vctrs",
        "withr"
      ],
      "Hash": "637dfd6294964bd23b07e5eb9b3cab11"
    },
    "ini": {
      "Package": "ini",
      "Version": "0.3.1",
      "Source": "Repository",
      "Repository": "CRAN",
      "Hash": "6154ec2223172bce8162d4153cda21f7"
    },
    "jquerylib": {
      "Package": "jquerylib",
      "Version": "0.1.4",
      "Source": "Repository",
      "Repository": "CRAN",
      "Requirements": [
        "htmltools"
      ],
      "Hash": "5aab57a3bd297eee1c1d862735972182"
    },
    "jsonlite": {
      "Package": "jsonlite",
      "Version": "1.9.1",
      "Source": "Repository",
      "Repository": "CRAN",
      "Requirements": [
        "methods"
      ],
      "Hash": "c72fbb0e7ee73ea7497ffeebe44f0d91"
    },
    "knitr": {
      "Package": "knitr",
      "Version": "1.50",
      "Source": "Repository",
      "Repository": "CRAN",
      "Requirements": [
        "R",
        "evaluate",
        "highr",
        "methods",
        "tools",
        "xfun",
        "yaml"
      ],
      "Hash": "5a07d8ec459d7b80bd4acca5f4a6e062"
    },
    "later": {
      "Package": "later",
      "Version": "1.4.1",
      "Source": "Repository",
      "Repository": "CRAN",
      "Requirements": [
        "Rcpp",
        "rlang"
      ],
      "Hash": "501744395cac0bab0fbcfab9375ae92c"
    },
    "lifecycle": {
      "Package": "lifecycle",
      "Version": "1.0.4",
      "Source": "Repository",
      "Repository": "CRAN",
      "Requirements": [
        "R",
        "cli",
        "glue",
        "rlang"
      ],
      "Hash": "b8552d117e1b808b09a832f589b79035"
    },
    "lubridate": {
      "Package": "lubridate",
      "Version": "1.9.4",
      "Source": "Repository",
      "Repository": "CRAN",
      "Requirements": [
        "R",
        "generics",
        "methods",
        "timechange"
      ],
      "Hash": "be38bc740fc51783a78edb5a157e4104"
    },
    "magrittr": {
      "Package": "magrittr",
      "Version": "2.0.3",
      "Source": "Repository",
      "Repository": "CRAN",
      "Requirements": [
        "R"
      ],
      "Hash": "7ce2733a9826b3aeb1775d56fd305472"
    },
    "memoise": {
      "Package": "memoise",
      "Version": "2.0.1",
      "Source": "Repository",
      "Repository": "CRAN",
      "Requirements": [
        "cachem",
        "rlang"
      ],
      "Hash": "e2817ccf4a065c5d9d7f2cfbe7c1d78c"
    },
    "mime": {
      "Package": "mime",
      "Version": "0.12",
      "Source": "Repository",
      "Repository": "RSPM",
      "Requirements": [
        "tools"
      ],
      "Hash": "18e9c28c1d3ca1560ce30658b22ce104"
    },
    "miniUI": {
      "Package": "miniUI",
      "Version": "0.1.1.1",
      "Source": "Repository",
      "Repository": "CRAN",
      "Requirements": [
        "htmltools",
        "shiny",
        "utils"
      ],
      "Hash": "fec5f52652d60615fdb3957b3d74324a"
    },
    "openssl": {
      "Package": "openssl",
      "Version": "2.2.0",
      "Source": "Repository",
      "Repository": "RSPM",
      "Requirements": [
        "askpass"
      ],
      "Hash": "2bcca3848e4734eb3b16103bc9aa4b8e"
    },
    "openxlsx": {
      "Package": "openxlsx",
      "Version": "4.2.5.2",
      "Source": "Repository",
      "Repository": "RSPM",
      "Requirements": [
        "R",
        "Rcpp",
        "grDevices",
        "methods",
        "stats",
        "stringi",
        "utils",
        "zip"
      ],
      "Hash": "c03b4c18d42da881fb8e15a085c2b9d6"
    },
    "pillar": {
      "Package": "pillar",
      "Version": "1.9.0",
      "Source": "Repository",
      "Repository": "RSPM",
      "Requirements": [
        "cli",
        "fansi",
        "glue",
        "lifecycle",
        "rlang",
        "utf8",
        "utils",
        "vctrs"
      ],
      "Hash": "15da5a8412f317beeee6175fbc76f4bb"
    },
    "pkgbuild": {
      "Package": "pkgbuild",
      "Version": "1.4.6",
      "Source": "Repository",
      "Repository": "CRAN",
      "Requirements": [
        "R",
        "R6",
        "callr",
        "cli",
        "desc",
        "processx"
      ],
      "Hash": "2914aa6216361f59e40d5c84667ac155"
    },
    "pkgconfig": {
      "Package": "pkgconfig",
      "Version": "2.0.3",
      "Source": "Repository",
      "Repository": "CRAN",
      "Requirements": [
        "utils"
      ],
      "Hash": "01f28d4278f15c76cddbea05899c5d6f"
    },
    "pkgdown": {
      "Package": "pkgdown",
      "Version": "2.1.1",
      "Source": "Repository",
      "Repository": "CRAN",
      "Requirements": [
        "R",
        "bslib",
        "callr",
        "cli",
        "desc",
        "digest",
        "downlit",
        "fontawesome",
        "fs",
        "httr2",
        "jsonlite",
        "openssl",
        "purrr",
        "ragg",
        "rlang",
        "rmarkdown",
        "tibble",
        "whisker",
        "withr",
        "xml2",
        "yaml"
      ],
      "Hash": "df2912d5873422b55a13002510f02c9f"
    },
    "pkgload": {
      "Package": "pkgload",
      "Version": "1.4.0",
      "Source": "Repository",
      "Repository": "CRAN",
      "Requirements": [
        "R",
        "cli",
        "desc",
        "fs",
        "glue",
        "lifecycle",
        "methods",
        "pkgbuild",
        "processx",
        "rlang",
        "rprojroot",
        "utils",
        "withr"
      ],
      "Hash": "2ec30ffbeec83da57655b850cf2d3e0e"
    },
    "plogr": {
      "Package": "plogr",
      "Version": "0.2.0",
      "Source": "Repository",
      "Repository": "CRAN",
      "Hash": "09eb987710984fc2905c7129c7d85e65"
    },
    "plyr": {
      "Package": "plyr",
      "Version": "1.8.9",
      "Source": "Repository",
      "Repository": "CRAN",
      "Requirements": [
        "R",
        "Rcpp"
      ],
      "Hash": "6b8177fd19982f0020743fadbfdbd933"
    },
    "praise": {
      "Package": "praise",
      "Version": "1.0.0",
      "Source": "Repository",
      "Repository": "CRAN",
      "Hash": "a555924add98c99d2f411e37e7d25e9f"
    },
    "prettyunits": {
      "Package": "prettyunits",
      "Version": "1.2.0",
      "Source": "Repository",
      "Repository": "CRAN",
      "Requirements": [
        "R"
      ],
      "Hash": "6b01fc98b1e86c4f705ce9dcfd2f57c7"
    },
    "processx": {
      "Package": "processx",
      "Version": "3.8.6",
      "Source": "Repository",
      "Repository": "CRAN",
      "Requirements": [
        "R",
        "R6",
        "ps",
        "utils"
      ],
      "Hash": "720161b280b0a35f4d1490ead2fe81d0"
    },
    "profvis": {
      "Package": "profvis",
      "Version": "0.4.0",
      "Source": "Repository",
      "Repository": "CRAN",
      "Requirements": [
        "R",
        "htmlwidgets",
        "rlang",
        "vctrs"
      ],
      "Hash": "bffa126bf92987e677c12cfb5651fc1d"
    },
    "promises": {
      "Package": "promises",
      "Version": "1.3.2",
      "Source": "Repository",
      "Repository": "CRAN",
      "Requirements": [
        "R6",
        "Rcpp",
        "fastmap",
        "later",
        "magrittr",
        "rlang",
        "stats"
      ],
      "Hash": "c84fd4f75ea1f5434735e08b7f50fbca"
    },
    "ps": {
      "Package": "ps",
      "Version": "1.9.0",
      "Source": "Repository",
      "Repository": "CRAN",
      "Requirements": [
        "R",
        "utils"
      ],
      "Hash": "8609dabea57eccf858a5923e4a9e77d4"
    },
    "purrr": {
      "Package": "purrr",
      "Version": "1.0.4",
      "Source": "Repository",
      "Repository": "CRAN",
      "Requirements": [
        "R",
        "cli",
        "lifecycle",
        "magrittr",
        "rlang",
        "vctrs"
      ],
      "Hash": "cc8b5d43f90551fa6df0a6be5d640a4f"
    },
    "pxR": {
      "Package": "pxR",
      "Version": "0.42.7",
      "Source": "Repository",
      "Repository": "CRAN",
      "Requirements": [
        "RJSONIO",
        "plyr",
        "reshape2",
        "stringr"
      ],
      "Hash": "6982f203f03307eb5070542d70b050cf"
    },
    "pxweb": {
      "Package": "pxweb",
      "Version": "0.17.0",
      "Source": "GitHub",
      "RemoteType": "github",
      "RemoteHost": "api.github.com",
      "RemoteUsername": "rOpenGov",
      "RemoteRepo": "pxweb",
      "RemoteRef": "master",
      "RemoteSha": "f7da0032da031ba9408e40263052e6775c52871d",
      "Requirements": [
        "R",
        "checkmate",
        "curl",
        "httr",
        "jsonlite"
      ],
      "Hash": "13104046bd25e5f904ba44a60fa72cb3"
    },
    "ragg": {
      "Package": "ragg",
      "Version": "1.3.3",
      "Source": "Repository",
      "Repository": "CRAN",
      "Requirements": [
        "systemfonts",
        "textshaping"
      ],
      "Hash": "0595fe5e47357111f29ad19101c7d271"
    },
    "rappdirs": {
      "Package": "rappdirs",
      "Version": "0.3.3",
      "Source": "Repository",
      "Repository": "CRAN",
      "Requirements": [
        "R"
      ],
      "Hash": "5e3c5dc0b071b21fa128676560dbe94d"
    },
    "rcmdcheck": {
      "Package": "rcmdcheck",
      "Version": "1.4.0",
      "Source": "Repository",
      "Repository": "CRAN",
      "Requirements": [
        "R6",
        "callr",
        "cli",
        "curl",
        "desc",
        "digest",
        "pkgbuild",
        "prettyunits",
        "rprojroot",
        "sessioninfo",
        "utils",
        "withr",
        "xopen"
      ],
      "Hash": "8f25ebe2ec38b1f2aef3b0d2ef76f6c4"
    },
    "rematch2": {
      "Package": "rematch2",
      "Version": "2.1.2",
      "Source": "Repository",
      "Repository": "CRAN",
      "Requirements": [
        "tibble"
      ],
      "Hash": "76c9e04c712a05848ae7a23d2f170a40"
    },
    "remotes": {
      "Package": "remotes",
      "Version": "2.5.0",
      "Source": "Repository",
      "Repository": "CRAN",
      "Requirements": [
        "R",
        "methods",
        "stats",
        "tools",
        "utils"
      ],
      "Hash": "3ee025083e66f18db6cf27b56e23e141"
    },
    "renv": {
      "Package": "renv",
      "Version": "1.0.11",
      "Source": "Repository",
      "Repository": "CRAN",
      "Requirements": [
        "utils"
      ],
      "Hash": "47623f66b4e80b3b0587bc5d7b309888"
    },
    "reshape2": {
      "Package": "reshape2",
      "Version": "1.4.4",
      "Source": "Repository",
      "Repository": "CRAN",
      "Requirements": [
        "R",
        "Rcpp",
        "plyr",
        "stringr"
      ],
      "Hash": "bb5996d0bd962d214a11140d77589917"
    },
    "rlang": {
      "Package": "rlang",
      "Version": "1.1.5",
      "Source": "Repository",
      "Repository": "CRAN",
      "Requirements": [
        "R",
        "utils"
      ],
      "Hash": "724dcc1490cd7071ee75ca2994a5446e"
    },
    "rmarkdown": {
      "Package": "rmarkdown",
      "Version": "2.29",
      "Source": "Repository",
      "Repository": "CRAN",
      "Requirements": [
        "R",
        "bslib",
        "evaluate",
        "fontawesome",
        "htmltools",
        "jquerylib",
        "jsonlite",
        "knitr",
        "methods",
        "tinytex",
        "tools",
        "utils",
        "xfun",
        "yaml"
      ],
      "Hash": "df99277f63d01c34e95e3d2f06a79736"
    },
    "roxygen2": {
      "Package": "roxygen2",
      "Version": "7.3.2",
      "Source": "Repository",
      "Repository": "CRAN",
      "Requirements": [
        "R",
        "R6",
        "brew",
        "cli",
        "commonmark",
        "cpp11",
        "desc",
        "knitr",
        "methods",
        "pkgload",
        "purrr",
        "rlang",
        "stringi",
        "stringr",
        "utils",
        "withr",
        "xml2"
      ],
      "Hash": "6ee25f9054a70f44d615300ed531ba8d"
    },
    "rprojroot": {
      "Package": "rprojroot",
      "Version": "2.0.4",
      "Source": "Repository",
      "Repository": "CRAN",
      "Requirements": [
        "R"
      ],
      "Hash": "4c8415e0ec1e29f3f4f6fc108bef0144"
    },
    "rstudioapi": {
      "Package": "rstudioapi",
      "Version": "0.17.1",
      "Source": "Repository",
      "Repository": "CRAN",
      "Hash": "5f90cd73946d706cfe26024294236113"
    },
    "rversions": {
      "Package": "rversions",
      "Version": "2.1.2",
      "Source": "Repository",
      "Repository": "CRAN",
      "Requirements": [
        "curl",
        "utils",
        "xml2"
      ],
      "Hash": "a9881dfed103e83f9de151dc17002cd1"
    },
    "rvest": {
      "Package": "rvest",
      "Version": "1.0.4",
      "Source": "Repository",
      "Repository": "CRAN",
      "Requirements": [
        "R",
        "cli",
        "glue",
        "httr",
        "lifecycle",
        "magrittr",
        "rlang",
        "selectr",
        "tibble",
        "xml2"
      ],
      "Hash": "0bcf0c6f274e90ea314b812a6d19a519"
    },
    "sass": {
      "Package": "sass",
      "Version": "0.4.9",
      "Source": "Repository",
      "Repository": "CRAN",
      "Requirements": [
        "R6",
        "fs",
        "htmltools",
        "rappdirs",
        "rlang"
      ],
      "Hash": "d53dbfddf695303ea4ad66f86e99b95d"
    },
    "selectr": {
      "Package": "selectr",
      "Version": "0.4-2",
      "Source": "Repository",
      "Repository": "CRAN",
      "Requirements": [
        "R",
        "R6",
        "methods",
        "stringr"
      ],
      "Hash": "3838071b66e0c566d55cc26bd6e27bf4"
    },
    "sessioninfo": {
      "Package": "sessioninfo",
      "Version": "1.2.3",
      "Source": "Repository",
      "Repository": "CRAN",
      "Requirements": [
        "R",
        "cli",
        "tools",
        "utils"
      ],
      "Hash": "bf169c6e52cdbded916e448dc1254913"
    },
    "shiny": {
      "Package": "shiny",
      "Version": "1.10.0",
      "Source": "Repository",
      "Repository": "CRAN",
      "Requirements": [
        "R",
        "R6",
        "bslib",
        "cachem",
        "commonmark",
        "crayon",
        "fastmap",
        "fontawesome",
        "glue",
        "grDevices",
        "htmltools",
        "httpuv",
        "jsonlite",
        "later",
        "lifecycle",
        "methods",
        "mime",
        "promises",
        "rlang",
        "sourcetools",
        "tools",
        "utils",
        "withr",
        "xtable"
      ],
      "Hash": "4b4477baa9a939c5577e5ddb4bf01f28"
    },
    "sourcetools": {
      "Package": "sourcetools",
      "Version": "0.1.7-1",
      "Source": "Repository",
      "Repository": "CRAN",
      "Requirements": [
        "R"
      ],
      "Hash": "5f5a7629f956619d519205ec475fe647"
    },
    "stringi": {
      "Package": "stringi",
      "Version": "1.8.4",
      "Source": "Repository",
      "Repository": "CRAN",
      "Requirements": [
        "R",
        "stats",
        "tools",
        "utils"
      ],
      "Hash": "39e1144fd75428983dc3f63aa53dfa91"
    },
    "stringr": {
      "Package": "stringr",
      "Version": "1.5.1",
      "Source": "Repository",
      "Repository": "CRAN",
      "Requirements": [
        "R",
        "cli",
        "glue",
        "lifecycle",
        "magrittr",
        "rlang",
        "stringi",
        "vctrs"
      ],
      "Hash": "960e2ae9e09656611e0b8214ad543207"
    },
    "sys": {
      "Package": "sys",
      "Version": "3.4.2",
      "Source": "Repository",
      "Repository": "RSPM",
      "Hash": "3a1be13d68d47a8cd0bfd74739ca1555"
    },
    "systemfonts": {
      "Package": "systemfonts",
      "Version": "1.2.1",
      "Source": "Repository",
      "Repository": "CRAN",
      "Requirements": [
        "R",
        "cpp11",
        "grid",
        "jsonlite",
        "lifecycle",
        "tools",
        "utils"
      ],
      "Hash": "f8b2924480a2679e2bad9750646112fe"
    },
    "testthat": {
      "Package": "testthat",
      "Version": "3.2.3",
      "Source": "Repository",
      "Repository": "CRAN",
      "Requirements": [
        "R",
        "R6",
        "brio",
        "callr",
        "cli",
        "desc",
        "digest",
        "evaluate",
        "jsonlite",
        "lifecycle",
        "magrittr",
        "methods",
        "pkgload",
        "praise",
        "processx",
        "ps",
        "rlang",
        "utils",
        "waldo",
        "withr"
      ],
      "Hash": "42f889439ccb14c55fc3d75c9c755056"
    },
    "textshaping": {
      "Package": "textshaping",
      "Version": "1.0.0",
      "Source": "Repository",
      "Repository": "CRAN",
      "Requirements": [
        "R",
        "cpp11",
        "lifecycle",
        "stats",
        "stringi",
        "systemfonts",
        "utils"
      ],
      "Hash": "5d44adc8145c718066b0bc374d142ca1"
    },
    "tibble": {
      "Package": "tibble",
      "Version": "3.2.1",
      "Source": "Repository",
      "Repository": "CRAN",
      "Requirements": [
        "R",
        "fansi",
        "lifecycle",
        "magrittr",
        "methods",
        "pillar",
        "pkgconfig",
        "rlang",
        "utils",
        "vctrs"
      ],
      "Hash": "a84e2cc86d07289b3b6f5069df7a004c"
    },
    "tidyr": {
      "Package": "tidyr",
      "Version": "1.3.1",
      "Source": "Repository",
      "Repository": "CRAN",
      "Requirements": [
        "R",
        "cli",
        "cpp11",
        "dplyr",
        "glue",
        "lifecycle",
        "magrittr",
        "purrr",
        "rlang",
        "stringr",
        "tibble",
        "tidyselect",
        "utils",
        "vctrs"
      ],
      "Hash": "915fb7ce036c22a6a33b5a8adb712eb1"
    },
    "tidyselect": {
      "Package": "tidyselect",
      "Version": "1.2.1",
      "Source": "Repository",
      "Repository": "CRAN",
      "Requirements": [
        "R",
        "cli",
        "glue",
        "lifecycle",
        "rlang",
        "vctrs",
        "withr"
      ],
      "Hash": "829f27b9c4919c16b593794a6344d6c0"
    },
    "timechange": {
      "Package": "timechange",
      "Version": "0.3.0",
      "Source": "Repository",
      "Repository": "CRAN",
      "Requirements": [
        "R",
        "cpp11"
      ],
      "Hash": "c5f3c201b931cd6474d17d8700ccb1c8"
    },
    "tinytex": {
      "Package": "tinytex",
      "Version": "0.56",
      "Source": "Repository",
      "Repository": "CRAN",
      "Requirements": [
        "xfun"
      ],
      "Hash": "68e6032b8c16f33fab8756e40a0dca1a"
    },
    "urlchecker": {
      "Package": "urlchecker",
      "Version": "1.0.1",
      "Source": "Repository",
      "Repository": "CRAN",
      "Requirements": [
        "R",
        "cli",
        "curl",
        "tools",
        "xml2"
      ],
      "Hash": "409328b8e1253c8d729a7836fe7f7a16"
    },
    "usethis": {
      "Package": "usethis",
      "Version": "3.1.0",
      "Source": "Repository",
      "Repository": "CRAN",
      "Requirements": [
        "R",
        "cli",
        "clipr",
        "crayon",
        "curl",
        "desc",
        "fs",
        "gert",
        "gh",
        "glue",
        "jsonlite",
        "lifecycle",
        "purrr",
        "rappdirs",
        "rlang",
        "rprojroot",
        "rstudioapi",
        "stats",
        "tools",
        "utils",
        "whisker",
        "withr",
        "yaml"
      ],
      "Hash": "0d7f5ca181f9b1e68b217bd93b6cc703"
    },
    "utf8": {
      "Package": "utf8",
      "Version": "1.2.4",
      "Source": "Repository",
      "Repository": "CRAN",
      "Requirements": [
        "R"
      ],
      "Hash": "62b65c52671e6665f803ff02954446e9"
    },
    "vctrs": {
      "Package": "vctrs",
      "Version": "0.6.5",
      "Source": "Repository",
      "Repository": "CRAN",
      "Requirements": [
        "R",
        "cli",
        "glue",
        "lifecycle",
        "rlang"
      ],
      "Hash": "c03fa420630029418f7e6da3667aac4a"
    },
    "waldo": {
      "Package": "waldo",
      "Version": "0.6.1",
      "Source": "Repository",
      "Repository": "CRAN",
      "Requirements": [
        "R",
        "cli",
        "diffobj",
        "glue",
        "methods",
        "rlang"
      ],
      "Hash": "52f574062a7b66e56926988c3fbdb3b7"
    },
    "whisker": {
      "Package": "whisker",
      "Version": "0.4.1",
      "Source": "Repository",
      "Repository": "CRAN",
      "Hash": "c6abfa47a46d281a7d5159d0a8891e88"
    },
    "withr": {
      "Package": "withr",
      "Version": "3.0.2",
      "Source": "Repository",
      "Repository": "CRAN",
      "Requirements": [
        "R",
        "grDevices",
        "graphics"
      ],
      "Hash": "cc2d62c76458d425210d1eb1478b30b4"
    },
    "xfun": {
      "Package": "xfun",
      "Version": "0.51",
      "Source": "Repository",
      "Repository": "CRAN",
      "Requirements": [
        "R",
        "grDevices",
        "stats",
        "tools"
      ],
      "Hash": "e1a3c06389a46d065c18bd4bbc27c64c"
    },
    "xml2": {
      "Package": "xml2",
      "Version": "1.3.6",
      "Source": "Repository",
      "Repository": "RSPM",
      "Requirements": [
        "R",
        "cli",
        "methods",
        "rlang"
      ],
      "Hash": "1d0336142f4cd25d8d23cd3ba7a8fb61"
    },
    "xopen": {
      "Package": "xopen",
      "Version": "1.0.1",
      "Source": "Repository",
      "Repository": "CRAN",
      "Requirements": [
        "R",
        "processx"
      ],
      "Hash": "423df1e86d5533fcb73c6b02b4923b49"
    },
    "xtable": {
      "Package": "xtable",
      "Version": "1.8-4",
      "Source": "Repository",
      "Repository": "CRAN",
      "Requirements": [
        "R",
        "stats",
        "utils"
      ],
      "Hash": "b8acdf8af494d9ec19ccb2481a9b11c2"
    },
    "yaml": {
      "Package": "yaml",
      "Version": "2.3.10",
      "Source": "Repository",
      "Repository": "CRAN",
      "Hash": "51dab85c6c98e50a18d7551e9d49f76c"
    },
    "zip": {
      "Package": "zip",
      "Version": "2.3.1",
      "Source": "Repository",
      "Repository": "RSPM",
      "Hash": "fcc4bd8e6da2d2011eb64a5e5cc685ab"
    }
  }
}
